
Microsoft Visual Studio Solution File, Format Version 12.00
# Visual Studio 2013
VisualStudioVersion = 12.0.21005.1
MinimumVisualStudioVersion = 10.0.40219.1
Project("{FAE04EC0-301F-11D3-BF4B-00C04F79EFBC}") = "BookInformationApp", "BookInformationApp\BookInformationApp.csproj", "{6C067F04-988B-43A2-B2A2-386E9AC6546B}"
EndProject
Global
	GlobalSection(SolutionConfigurationPlatforms) = preSolution
		Debug|Any CPU = Debug|Any CPU
		Release|Any CPU = Release|Any CPU
	EndGlobalSection
	GlobalSection(ProjectConfigurationPlatforms) = postSolution
		{6C067F04-988B-43A2-B2A2-386E9AC6546B}.Debug|Any CPU.ActiveCfg = Debug|Any CPU
		{6C067F04-988B-43A2-B2A2-386E9AC6546B}.Debug|Any CPU.Build.0 = Debug|Any CPU
		{6C067F04-988B-43A2-B2A2-386E9AC6546B}.Release|Any CPU.ActiveCfg = Release|Any CPU
		{6C067F04-988B-43A2-B2A2-386E9AC6546B}.Release|Any CPU.Build.0 = Release|Any CPU
	EndGlobalSection
	GlobalSection(SolutionProperties) = preSolution
		HideSolutionNode = FALSE
	EndGlobalSection
EndGlobal
